{
  "name": "lddc-message-box-ui",
  "version": "1.18.2",
  "lockfileVersion": 3,
  "requires": true,
  "packages": {
    "": {
      "name": "lddc-message-box-ui",
      "version": "1.18.2",
      "dependencies": {
        "tslib": "^2.3.0"
      },
      "peerDependencies": {
        "@angular/cdk": "^18.2.10",
        "@angular/core": "^18.2.9",
        "@angular/material": "^18.2.10"
      }
    },
    "node_modules/@angular/animations": {
      "version": "18.2.9",
      "resolved": "https://nexusrepo.sm-ms.lan/repository/NPM_MutSocMut/@angular/animations/-/animations-18.2.9.tgz",
      "integrity": "sha512-GAsTKENoTRVKgXX4ACBMMTp8SW4rW8u637uLag+ttJV2XBzC3YJlw5m6b/W4cdrmqZjztoEwUjR6CUTjBqMujQ==",
      "license": "MIT",
      "peer": true,
      "dependencies": {
        "tslib": "^2.3.0"
      },
      "engines": {
        "node": "^18.19.1 || ^20.11.1 || >=22.0.0"
      },
      "peerDependencies": {
        "@angular/core": "18.2.9"
      }
    },
    "node_modules/@angular/cdk": {
      "version": "18.2.10",
      "resolved": "https://nexusrepo.sm-ms.lan/repository/NPM_MutSocMut/@angular/cdk/-/cdk-18.2.10.tgz",
      "integrity": "sha512-Weh0slrfWNp5N6UO4m3tXzs2QBFexNsnJf1dq0oaLDBgfkuqUmxdCkurSv5+lWZRkTPLYmd/hQeJpvrhxMCleg==",
      "license": "MIT",
      "peer": true,
      "dependencies": {
        "tslib": "^2.3.0"
      },
      "optionalDependencies": {
        "parse5": "^7.1.2"
      },
      "peerDependencies": {
        "@angular/common": "^18.0.0 || ^19.0.0",
        "@angular/core": "^18.0.0 || ^19.0.0",
        "rxjs": "^6.5.3 || ^7.4.0"
      }
    },
    "node_modules/@angular/common": {
      "version": "18.2.9",
      "resolved": "https://nexusrepo.sm-ms.lan/repository/NPM_MutSocMut/@angular/common/-/common-18.2.9.tgz",
      "integrity": "sha512-Opi6DVaU0aGyJqLk5jPmeYx559fp3afj4wuxM5aDzV4KEVGDVbNCpO0hMuwHZ6rtCjHhv1fQthgS48qoiQ6LKw==",
      "license": "MIT",
      "peer": true,
      "dependencies": {
        "tslib": "^2.3.0"
      },
      "engines": {
        "node": "^18.19.1 || ^20.11.1 || >=22.0.0"
      },
      "peerDependencies": {
        "@angular/core": "18.2.9",
        "rxjs": "^6.5.3 || ^7.4.0"
      }
    },
    "node_modules/@angular/core": {
      "version": "18.2.9",
      "resolved": "https://nexusrepo.sm-ms.lan/repository/NPM_MutSocMut/@angular/core/-/core-18.2.9.tgz",
      "integrity": "sha512-h9/Bzo/7LTPzzh9I/1Gk8TWOXPGeHt3jLlnYrCh2KbrWbTErNtW0V3ad5I3Zv+K2Z7RSl9Z3D3Y6ILH796N4ZA==",
      "license": "MIT",
      "peer": true,
      "dependencies": {
        "tslib": "^2.3.0"
      },
      "engines": {
        "node": "^18.19.1 || ^20.11.1 || >=22.0.0"
      },
      "peerDependencies": {
        "rxjs": "^6.5.3 || ^7.4.0",
        "zone.js": "~0.14.10"
      }
    },
    "node_modules/@angular/forms": {
      "version": "18.2.9",
      "resolved": "https://nexusrepo.sm-ms.lan/repository/NPM_MutSocMut/@angular/forms/-/forms-18.2.9.tgz",
      "integrity": "sha512-yyN5dG60CXH6MRte8rv4aGUTeNOMz/pUV7rVxittpjN7tPHfGEL9Xz89Or90Aa1QiHuBmHFk+9A39s03aO1rDQ==",
      "license": "MIT",
      "peer": true,
      "dependencies": {
        "tslib": "^2.3.0"
      },
      "engines": {
        "node": "^18.19.1 || ^20.11.1 || >=22.0.0"
      },
      "peerDependencies": {
        "@angular/common": "18.2.9",
        "@angular/core": "18.2.9",
        "@angular/platform-browser": "18.2.9",
        "rxjs": "^6.5.3 || ^7.4.0"
      }
    },
    "node_modules/@angular/material": {
      "version": "18.2.10",
      "resolved": "https://nexusrepo.sm-ms.lan/repository/NPM_MutSocMut/@angular/material/-/material-18.2.10.tgz",
      "integrity": "sha512-XZISsICpTOzq2qR9yUaWrAz9WZCAh/B457gq/ftkkiiafLwFCvbKur19FFUJO5GX+uVdo074133L85xreOkFFw==",
      "license": "MIT",
      "peer": true,
      "dependencies": {
        "tslib": "^2.3.0"
      },
      "peerDependencies": {
        "@angular/animations": "^18.0.0 || ^19.0.0",
        "@angular/cdk": "18.2.10",
        "@angular/common": "^18.0.0 || ^19.0.0",
        "@angular/core": "^18.0.0 || ^19.0.0",
        "@angular/forms": "^18.0.0 || ^19.0.0",
        "@angular/platform-browser": "^18.0.0 || ^19.0.0",
        "rxjs": "^6.5.3 || ^7.4.0"
      }
    },
    "node_modules/@angular/platform-browser": {
      "version": "18.2.9",
      "resolved": "https://nexusrepo.sm-ms.lan/repository/NPM_MutSocMut/@angular/platform-browser/-/platform-browser-18.2.9.tgz",
      "integrity": "sha512-UNu6XjK0SV35FFe55yd1yefZI8tzflVKzev/RzC31XngrczhlH0+WCbae4rG1XJULzJwJ1R1p7gqq4+ktEczRQ==",
      "license": "MIT",
      "peer": true,
      "dependencies": {
        "tslib": "^2.3.0"
      },
      "engines": {
        "node": "^18.19.1 || ^20.11.1 || >=22.0.0"
      },
      "peerDependencies": {
        "@angular/animations": "18.2.9",
        "@angular/common": "18.2.9",
        "@angular/core": "18.2.9"
      },
      "peerDependenciesMeta": {
        "@angular/animations": {
          "optional": true
        }
      }
    },
    "node_modules/entities": {
      "version": "4.5.0",
      "resolved": "https://nexusrepo.sm-ms.lan/repository/NPM_MutSocMut/entities/-/entities-4.5.0.tgz",
      "integrity": "sha512-V0hjH4dGPh9Ao5p0MoRY6BVqtwCjhz6vI5LT8AJ55H+4g9/4vbHx1I54fS0XuclLhDHArPQCiMjDxjaL8fPxhw==",
      "license": "BSD-2-Clause",
      "optional": true,
      "peer": true,
      "engines": {
        "node": ">=0.12"
      },
      "funding": {
        "url": "https://github.com/fb55/entities?sponsor=1"
      }
    },
    "node_modules/parse5": {
      "version": "7.2.0",
      "resolved": "https://nexusrepo.sm-ms.lan/repository/NPM_MutSocMut/parse5/-/parse5-7.2.0.tgz",
      "integrity": "sha512-ZkDsAOcxsUMZ4Lz5fVciOehNcJ+Gb8gTzcA4yl3wnc273BAybYWrQ+Ks/OjCjSEpjvQkDSeZbybK9qj2VHHdGA==",
      "license": "MIT",
      "optional": true,
      "peer": true,
      "dependencies": {
        "entities": "^4.5.0"
      },
      "funding": {
        "url": "https://github.com/inikulin/parse5?sponsor=1"
      }
    },
    "node_modules/rxjs": {
      "version": "7.8.1",
      "license": "Apache-2.0",
      "peer": true,
      "dependencies": {
        "tslib": "^2.1.0"
      }
    },
    "node_modules/tslib": {
      "version": "2.7.0",
      "license": "0BSD"
    },
    "node_modules/zone.js": {
      "version": "0.14.10",
      "resolved": "https://nexusrepo.sm-ms.lan/repository/NPM_MutSocMut/zone.js/-/zone.js-0.14.10.tgz",
      "integrity": "sha512-YGAhaO7J5ywOXW6InXNlLmfU194F8lVgu7bRntUF3TiG8Y3nBK0x1UJJuHUP/e8IyihkjCYqhCScpSwnlaSRkQ==",
      "license": "MIT",
      "peer": true
    }
  }
}
